
Microsoft Visual Studio Solution File, Format Version 12.00
# Visual Studio Version 17
VisualStudioVersion = 17.4.33213.308
MinimumVisualStudioVersion = 10.0.40219.1
Project("{FAE04EC0-301F-11D3-BF4B-00C04F79EFBC}") = "QuizApp", "QuizApp.csproj", "{81139C0E-0EF4-42B8-9190-CAAB6D299562}"
EndProject
Global
	GlobalSection(SolutionConfigurationPlatforms) = preSolution
		Debug|Any CPU = Debug|Any CPU
		Release|Any CPU = Release|Any CPU
	EndGlobalSection
	GlobalSection(ProjectConfigurationPlatforms) = postSolution
		{81139C0E-0EF4-42B8-9190-CAAB6D299562}.Debug|Any CPU.ActiveCfg = Debug|Any CPU
		{81139C0E-0EF4-42B8-9190-CAAB6D299562}.Debug|Any CPU.Build.0 = Debug|Any CPU
		{81139C0E-0EF4-42B8-9190-CAAB6D299562}.Release|Any CPU.ActiveCfg = Release|Any CPU
		{81139C0E-0EF4-42B8-9190-CAAB6D299562}.Release|Any CPU.Build.0 = Release|Any CPU
	EndGlobalSection
	GlobalSection(SolutionProperties) = preSolution
		HideSolutionNode = FALSE
	EndGlobalSection
	GlobalSection(ExtensibilityGlobals) = postSolution
		SolutionGuid = {FDF1F54B-EF26-4215-B089-6930374B9241}
	EndGlobalSection
EndGlobal
